
Microsoft Visual Studio Solution File, Format Version 12.00
Project("{FAE04EC0-301F-11D3-BF4B-00C04F79EFBC}") = "DotHtml", "DotHtml\DotHtml.csproj", "{6128C2A1-B34D-4C03-BFF7-960C3295EB0B}"
EndProject
Project("{FAE04EC0-301F-11D3-BF4B-00C04F79EFBC}") = "DotHtml.Tests", "DotHtml.Tests\DotHtml.Tests.csproj", "{18B4C91F-3CE9-4473-B599-675C5FD78A91}"
EndProject
Project("{FAE04EC0-301F-11D3-BF4B-00C04F79EFBC}") = "DotHtml.Asp", "DotHtml.Asp\DotHtml.Asp.csproj", "{AA3DB5CB-82ED-4D68-9986-B69FE3318FE8}"
EndProject
Project("{FAE04EC0-301F-11D3-BF4B-00C04F79EFBC}") = "DotHtml.WebSandbox", "DotHtml.WebSandbox\DotHtml.WebSandbox.csproj", "{B5275E3A-65D6-4B7B-8E4D-4E73E4127592}"
EndProject
Global
	GlobalSection(SolutionConfigurationPlatforms) = preSolution
		Debug|Any CPU = Debug|Any CPU
		Release|Any CPU = Release|Any CPU
	EndGlobalSection
	GlobalSection(ProjectConfigurationPlatforms) = postSolution
		{6128C2A1-B34D-4C03-BFF7-960C3295EB0B}.Debug|Any CPU.ActiveCfg = Debug|Any CPU
		{6128C2A1-B34D-4C03-BFF7-960C3295EB0B}.Debug|Any CPU.Build.0 = Debug|Any CPU
		{6128C2A1-B34D-4C03-BFF7-960C3295EB0B}.Release|Any CPU.ActiveCfg = Release|Any CPU
		{6128C2A1-B34D-4C03-BFF7-960C3295EB0B}.Release|Any CPU.Build.0 = Release|Any CPU
		{18B4C91F-3CE9-4473-B599-675C5FD78A91}.Debug|Any CPU.ActiveCfg = Debug|Any CPU
		{18B4C91F-3CE9-4473-B599-675C5FD78A91}.Debug|Any CPU.Build.0 = Debug|Any CPU
		{18B4C91F-3CE9-4473-B599-675C5FD78A91}.Release|Any CPU.ActiveCfg = Release|Any CPU
		{18B4C91F-3CE9-4473-B599-675C5FD78A91}.Release|Any CPU.Build.0 = Release|Any CPU
		{AA3DB5CB-82ED-4D68-9986-B69FE3318FE8}.Debug|Any CPU.ActiveCfg = Debug|Any CPU
		{AA3DB5CB-82ED-4D68-9986-B69FE3318FE8}.Debug|Any CPU.Build.0 = Debug|Any CPU
		{AA3DB5CB-82ED-4D68-9986-B69FE3318FE8}.Release|Any CPU.ActiveCfg = Release|Any CPU
		{AA3DB5CB-82ED-4D68-9986-B69FE3318FE8}.Release|Any CPU.Build.0 = Release|Any CPU
		{B5275E3A-65D6-4B7B-8E4D-4E73E4127592}.Debug|Any CPU.ActiveCfg = Debug|Any CPU
		{B5275E3A-65D6-4B7B-8E4D-4E73E4127592}.Debug|Any CPU.Build.0 = Debug|Any CPU
		{B5275E3A-65D6-4B7B-8E4D-4E73E4127592}.Release|Any CPU.ActiveCfg = Release|Any CPU
		{B5275E3A-65D6-4B7B-8E4D-4E73E4127592}.Release|Any CPU.Build.0 = Release|Any CPU
	EndGlobalSection
EndGlobal
